{
  "name": "platforms",
  "version": "1.0.0",
  "lockfileVersion": 1,
  "requires": true,
  "dependencies": {
    "@rebikhub/ajs": {
      "version": "1.0.0",
      "resolved": "https://npm.pkg.github.com/download/@rebikhub/ajs/1.0.0/e189402b0d571f3c63229fbdbccd9686a55ed6c8665de0d7d960fca43229782d",
      "integrity": "sha512-jw+FHIcMR9TpocoVyCwSBpcFpwqwTdB+ZGJ7Ssc3Gr+iaxLDxbwzx8XNY2U44Mf9WfmnGC7XqmZETMhdhD4TNg=="
    }
  }
}
